
Microsoft Visual Studio Solution File, Format Version 12.00
# Visual Studio Version 17
VisualStudioVersion = 17.1.32407.343
MinimumVisualStudioVersion = 10.0.40219.1
Project("{54A90642-561A-4BB1-A94E-469ADEE60C69}") = "Swagmoneh-website", "Swagmoneh-website\Swagmoneh-website.esproj", "{64171401-2E4E-4674-A0D4-ED7EE5CC387A}"
EndProject
Global
	GlobalSection(SolutionConfigurationPlatforms) = preSolution
		Debug|Any CPU = Debug|Any CPU
		Release|Any CPU = Release|Any CPU
	EndGlobalSection
	GlobalSection(ProjectConfigurationPlatforms) = postSolution
		{64171401-2E4E-4674-A0D4-ED7EE5CC387A}.Debug|Any CPU.ActiveCfg = Debug|Any CPU
		{64171401-2E4E-4674-A0D4-ED7EE5CC387A}.Debug|Any CPU.Build.0 = Debug|Any CPU
		{64171401-2E4E-4674-A0D4-ED7EE5CC387A}.Debug|Any CPU.Deploy.0 = Debug|Any CPU
		{64171401-2E4E-4674-A0D4-ED7EE5CC387A}.Release|Any CPU.ActiveCfg = Release|Any CPU
		{64171401-2E4E-4674-A0D4-ED7EE5CC387A}.Release|Any CPU.Build.0 = Release|Any CPU
		{64171401-2E4E-4674-A0D4-ED7EE5CC387A}.Release|Any CPU.Deploy.0 = Release|Any CPU
	EndGlobalSection
	GlobalSection(SolutionProperties) = preSolution
		HideSolutionNode = FALSE
	EndGlobalSection
	GlobalSection(ExtensibilityGlobals) = postSolution
		SolutionGuid = {55B06831-8FE4-4DA3-9990-09CEB4F5F311}
	EndGlobalSection
EndGlobal
